// !$*UTF8*$!
{
	archiveVersion = 1;
	classes = {
	};
	objectVersion = 55;
	objects = {

/* Begin PBXBuildFile section */
		D6FC51A528565EAA005B24F9 /* AppDelegate.swift in Sources */ = {isa = PBXBuildFile; fileRef = D6FC51A428565EAA005B24F9 /* AppDelegate.swift */; };
		D6FC51A928565EAA005B24F9 /* ViewController.swift in Sources */ = {isa = PBXBuildFile; fileRef = D6FC51A828565EAA005B24F9 /* ViewController.swift */; };
		D6FC51AC28565EAA005B24F9 /* Main.storyboard in Resources */ = {isa = PBXBuildFile; fileRef = D6FC51AA28565EAA005B24F9 /* Main.storyboard */; };
		D6FC51AE28565EAA005B24F9 /* Assets.xcassets in Resources */ = {isa = PBXBuildFile; fileRef = D6FC51AD28565EAA005B24F9 /* Assets.xcassets */; };
		D6FC51B128565EAA005B24F9 /* LaunchScreen.storyboard in Resources */ = {isa = PBXBuildFile; fileRef = D6FC51AF28565EAA005B24F9 /* LaunchScreen.storyboard */; };
		D6FC51B928565F53005B24F9 /* SceneDelegate.swift in Sources */ = {isa = PBXBuildFile; fileRef = D6FC51B828565F53005B24F9 /* SceneDelegate.swift */; };
		D6FC51C128565F59005B24F9 /* SearchViewController.swift in Sources */ = {isa = PBXBuildFile; fileRef = D6FC51BB28565F59005B24F9 /* SearchViewController.swift */; };
		D6FC51C228565F59005B24F9 /* ForYouViewController.swift in Sources */ = {isa = PBXBuildFile; fileRef = D6FC51BC28565F59005B24F9 /* ForYouViewController.swift */; };
		D6FC51C328565F59005B24F9 /* MediaViewController.swift in Sources */ = {isa = PBXBuildFile; fileRef = D6FC51BD28565F59005B24F9 /* MediaViewController.swift */; };
		D6FC51C428565F59005B24F9 /* ExtensionAlbumsViewController.swift in Sources */ = {isa = PBXBuildFile; fileRef = D6FC51BF28565F59005B24F9 /* ExtensionAlbumsViewController.swift */; };
		D6FC51C528565F59005B24F9 /* AlbumsViewController.swift in Sources */ = {isa = PBXBuildFile; fileRef = D6FC51C028565F59005B24F9 /* AlbumsViewController.swift */; };
		D6FC51C728565FDF005B24F9 /* FirstTypeCell.swift in Sources */ = {isa = PBXBuildFile; fileRef = D6FC51C628565FDF005B24F9 /* FirstTypeCell.swift */; };
/* End PBXBuildFile section */

/* Begin PBXFileReference section */
		D6FC51A128565EAA005B24F9 /* AlbumCollection.app */ = {isa = PBXFileReference; explicitFileType = wrapper.application; includeInIndex = 0; path = AlbumCollection.app; sourceTree = BUILT_PRODUCTS_DIR; };
		D6FC51A428565EAA005B24F9 /* AppDelegate.swift */ = {isa = PBXFileReference; lastKnownFileType = sourcecode.swift; path = AppDelegate.swift; sourceTree = "<group>"; };
		D6FC51A828565EAA005B24F9 /* ViewController.swift */ = {isa = PBXFileReference; lastKnownFileType = sourcecode.swift; path = ViewController.swift; sourceTree = "<group>"; };
		D6FC51AB28565EAA005B24F9 /* Base */ = {isa = PBXFileReference; lastKnownFileType = file.storyboard; name = Base; path = Base.lproj/Main.storyboard; sourceTree = "<group>"; };
		D6FC51AD28565EAA005B24F9 /* Assets.xcassets */ = {isa = PBXFileReference; lastKnownFileType = folder.assetcatalog; path = Assets.xcassets; sourceTree = "<group>"; };
		D6FC51B028565EAA005B24F9 /* Base */ = {isa = PBXFileReference; lastKnownFileType = file.storyboard; name = Base; path = Base.lproj/LaunchScreen.storyboard; sourceTree = "<group>"; };
		D6FC51B228565EAA005B24F9 /* Info.plist */ = {isa = PBXFileReference; lastKnownFileType = text.plist.xml; path = Info.plist; sourceTree = "<group>"; };
		D6FC51B828565F53005B24F9 /* SceneDelegate.swift */ = {isa = PBXFileReference; fileEncoding = 4; lastKnownFileType = sourcecode.swift; path = SceneDelegate.swift; sourceTree = "<group>"; };
		D6FC51BB28565F59005B24F9 /* SearchViewController.swift */ = {isa = PBXFileReference; fileEncoding = 4; lastKnownFileType = sourcecode.swift; path = SearchViewController.swift; sourceTree = "<group>"; };
		D6FC51BC28565F59005B24F9 /* ForYouViewController.swift */ = {isa = PBXFileReference; fileEncoding = 4; lastKnownFileType = sourcecode.swift; path = ForYouViewController.swift; sourceTree = "<group>"; };
		D6FC51BD28565F59005B24F9 /* MediaViewController.swift */ = {isa = PBXFileReference; fileEncoding = 4; lastKnownFileType = sourcecode.swift; path = MediaViewController.swift; sourceTree = "<group>"; };
		D6FC51BF28565F59005B24F9 /* ExtensionAlbumsViewController.swift */ = {isa = PBXFileReference; fileEncoding = 4; lastKnownFileType = sourcecode.swift; path = ExtensionAlbumsViewController.swift; sourceTree = "<group>"; };
		D6FC51C028565F59005B24F9 /* AlbumsViewController.swift */ = {isa = PBXFileReference; fileEncoding = 4; lastKnownFileType = sourcecode.swift; path = AlbumsViewController.swift; sourceTree = "<group>"; };
		D6FC51C628565FDF005B24F9 /* FirstTypeCell.swift */ = {isa = PBXFileReference; fileEncoding = 4; lastKnownFileType = sourcecode.swift; path = FirstTypeCell.swift; sourceTree = "<group>"; };
/* End PBXFileReference section */

/* Begin PBXFrameworksBuildPhase section */
		D6FC519E28565EAA005B24F9 /* Frameworks */ = {
			isa = PBXFrameworksBuildPhase;
			buildActionMask = 2147483647;
			files = (
			);
			runOnlyForDeploymentPostprocessing = 0;
		};
/* End PBXFrameworksBuildPhase section */

/* Begin PBXGroup section */
		D6FC519828565EAA005B24F9 = {
			isa = PBXGroup;
			children = (
				D6FC51A328565EAA005B24F9 /* AlbumCollection */,
				D6FC51A228565EAA005B24F9 /* Products */,
			);
			sourceTree = "<group>";
		};
		D6FC51A228565EAA005B24F9 /* Products */ = {
			isa = PBXGroup;
			children = (
				D6FC51A128565EAA005B24F9 /* AlbumCollection.app */,
			);
			name = Products;
			sourceTree = "<group>";
		};
		D6FC51A328565EAA005B24F9 /* AlbumCollection */ = {
			isa = PBXGroup;
			children = (
				D6FC51BA28565F59005B24F9 /* TabBar */,
				D6FC51A428565EAA005B24F9 /* AppDelegate.swift */,
				D6FC51A828565EAA005B24F9 /* ViewController.swift */,
				D6FC51AA28565EAA005B24F9 /* Main.storyboard */,
				D6FC51AD28565EAA005B24F9 /* Assets.xcassets */,
				D6FC51AF28565EAA005B24F9 /* LaunchScreen.storyboard */,
				D6FC51B228565EAA005B24F9 /* Info.plist */,
				D6FC51B828565F53005B24F9 /* SceneDelegate.swift */,
				D6FC51C628565FDF005B24F9 /* FirstTypeCell.swift */,
			);
			path = AlbumCollection;
			sourceTree = "<group>";
		};
		D6FC51BA28565F59005B24F9 /* TabBar */ = {
			isa = PBXGroup;
			children = (
				D6FC51BB28565F59005B24F9 /* SearchViewController.swift */,
				D6FC51BC28565F59005B24F9 /* ForYouViewController.swift */,
				D6FC51BD28565F59005B24F9 /* MediaViewController.swift */,
				D6FC51BE28565F59005B24F9 /* AlbumsViewController */,
			);
			path = TabBar;
			sourceTree = "<group>";
		};
		D6FC51BE28565F59005B24F9 /* AlbumsViewController */ = {
			isa = PBXGroup;
			children = (
				D6FC51BF28565F59005B24F9 /* ExtensionAlbumsViewController.swift */,
				D6FC51C028565F59005B24F9 /* AlbumsViewController.swift */,
			);
			path = AlbumsViewController;
			sourceTree = "<group>";
		};
/* End PBXGroup section */

/* Begin PBXNativeTarget section */
		D6FC51A028565EAA005B24F9 /* AlbumCollection */ = {
			isa = PBXNativeTarget;
			buildConfigurationList = D6FC51B528565EAA005B24F9 /* Build configuration list for PBXNativeTarget "AlbumCollection" */;
			buildPhases = (
				D6FC519D28565EAA005B24F9 /* Sources */,
				D6FC519E28565EAA005B24F9 /* Frameworks */,
				D6FC519F28565EAA005B24F9 /* Resources */,
			);
			buildRules = (
			);
			dependencies = (
			);
			name = AlbumCollection;
			productName = AlbumCollection;
			productReference = D6FC51A128565EAA005B24F9 /* AlbumCollection.app */;
			productType = "com.apple.product-type.application";
		};
/* End PBXNativeTarget section */

/* Begin PBXProject section */
		D6FC519928565EAA005B24F9 /* Project object */ = {
			isa = PBXProject;
			attributes = {
				BuildIndependentTargetsInParallel = 1;
				LastSwiftUpdateCheck = 1340;
				LastUpgradeCheck = 1340;
				TargetAttributes = {
					D6FC51A028565EAA005B24F9 = {
						CreatedOnToolsVersion = 13.4.1;
					};
				};
			};
			buildConfigurationList = D6FC519C28565EAA005B24F9 /* Build configuration list for PBXProject "AlbumCollection" */;
			compatibilityVersion = "Xcode 13.0";
			developmentRegion = en;
			hasScannedForEncodings = 0;
			knownRegions = (
				en,
				Base,
			);
			mainGroup = D6FC519828565EAA005B24F9;
			productRefGroup = D6FC51A228565EAA005B24F9 /* Products */;
			projectDirPath = "";
			projectRoot = "";
			targets = (
				D6FC51A028565EAA005B24F9 /* AlbumCollection */,
			);
		};
/* End PBXProject section */

/* Begin PBXResourcesBuildPhase section */
		D6FC519F28565EAA005B24F9 /* Resources */ = {
			isa = PBXResourcesBuildPhase;
			buildActionMask = 2147483647;
			files = (
				D6FC51B128565EAA005B24F9 /* LaunchScreen.storyboard in Resources */,
				D6FC51AE28565EAA005B24F9 /* Assets.xcassets in Resources */,
				D6FC51AC28565EAA005B24F9 /* Main.storyboard in Resources */,
			);
			runOnlyForDeploymentPostprocessing = 0;
		};
/* End PBXResourcesBuildPhase section */

/* Begin PBXSourcesBuildPhase section */
		D6FC519D28565EAA005B24F9 /* Sources */ = {
			isa = PBXSourcesBuildPhase;
			buildActionMask = 2147483647;
			files = (
				D6FC51C528565F59005B24F9 /* AlbumsViewController.swift in Sources */,
				D6FC51A928565EAA005B24F9 /* ViewController.swift in Sources */,
				D6FC51C428565F59005B24F9 /* ExtensionAlbumsViewController.swift in Sources */,
				D6FC51C328565F59005B24F9 /* MediaViewController.swift in Sources */,
				D6FC51A528565EAA005B24F9 /* AppDelegate.swift in Sources */,
				D6FC51C128565F59005B24F9 /* SearchViewController.swift in Sources */,
				D6FC51C228565F59005B24F9 /* ForYouViewController.swift in Sources */,
				D6FC51C728565FDF005B24F9 /* FirstTypeCell.swift in Sources */,
				D6FC51B928565F53005B24F9 /* SceneDelegate.swift in Sources */,
			);
			runOnlyForDeploymentPostprocessing = 0;
		};
/* End PBXSourcesBuildPhase section */

/* Begin PBXVariantGroup section */
		D6FC51AA28565EAA005B24F9 /* Main.storyboard */ = {
			isa = PBXVariantGroup;
			children = (
				D6FC51AB28565EAA005B24F9 /* Base */,
			);
			name = Main.storyboard;
			sourceTree = "<group>";
		};
		D6FC51AF28565EAA005B24F9 /* LaunchScreen.storyboard */ = {
			isa = PBXVariantGroup;
			children = (
				D6FC51B028565EAA005B24F9 /* Base */,
			);
			name = LaunchScreen.storyboard;
			sourceTree = "<group>";
		};
/* End PBXVariantGroup section */

/* Begin XCBuildConfiguration section */
		D6FC51B328565EAA005B24F9 /* Debug */ = {
			isa = XCBuildConfiguration;
			buildSettings = {
				ALWAYS_SEARCH_USER_PATHS = NO;
				CLANG_ANALYZER_NONNULL = YES;
				CLANG_ANALYZER_NUMBER_OBJECT_CONVERSION = YES_AGGRESSIVE;
				CLANG_CXX_LANGUAGE_STANDARD = "gnu++17";
				CLANG_ENABLE_MODULES = YES;
				CLANG_ENABLE_OBJC_ARC = YES;
				CLANG_ENABLE_OBJC_WEAK = YES;
				CLANG_WARN_BLOCK_CAPTURE_AUTORELEASING = YES;
				CLANG_WARN_BOOL_CONVERSION = YES;
				CLANG_WARN_COMMA = YES;
				CLANG_WARN_CONSTANT_CONVERSION = YES;
				CLANG_WARN_DEPRECATED_OBJC_IMPLEMENTATIONS = YES;
				CLANG_WARN_DIRECT_OBJC_ISA_USAGE = YES_ERROR;
				CLANG_WARN_DOCUMENTATION_COMMENTS = YES;
				CLANG_WARN_EMPTY_BODY = YES;
				CLANG_WARN_ENUM_CONVERSION = YES;
				CLANG_WARN_INFINITE_RECURSION = YES;
				CLANG_WARN_INT_CONVERSION = YES;
				CLANG_WARN_NON_LITERAL_NULL_CONVERSION = YES;
				CLANG_WARN_OBJC_IMPLICIT_RETAIN_SELF = YES;
				CLANG_WARN_OBJC_LITERAL_CONVERSION = YES;
				CLANG_WARN_OBJC_ROOT_CLASS = YES_ERROR;
				CLANG_WARN_QUOTED_INCLUDE_IN_FRAMEWORK_HEADER = YES;
				CLANG_WARN_RANGE_LOOP_ANALYSIS = YES;
				CLANG_WARN_STRICT_PROTOTYPES = YES;
				CLANG_WARN_SUSPICIOUS_MOVE = YES;
				CLANG_WARN_UNGUARDED_AVAILABILITY = YES_AGGRESSIVE;
				CLANG_WARN_UNREACHABLE_CODE = YES;
				CLANG_WARN__DUPLICATE_METHOD_MATCH = YES;
				COPY_PHASE_STRIP = NO;
				DEBUG_INFORMATION_FORMAT = dwarf;
				ENABLE_STRICT_OBJC_MSGSEND = YES;
				ENABLE_TESTABILITY = YES;
				GCC_C_LANGUAGE_STANDARD = gnu11;
				GCC_DYNAMIC_NO_PIC = NO;
				GCC_NO_COMMON_BLOCKS = YES;
				GCC_OPTIMIZATION_LEVEL = 0;
				GCC_PREPROCESSOR_DEFINITIONS = (
					"DEBUG=1",
					"$(inherited)",
				);
				GCC_WARN_64_TO_32_BIT_CONVERSION = YES;
				GCC_WARN_ABOUT_RETURN_TYPE = YES_ERROR;
				GCC_WARN_UNDECLARED_SELECTOR = YES;
				GCC_WARN_UNINITIALIZED_AUTOS = YES_AGGRESSIVE;
				GCC_WARN_UNUSED_FUNCTION = YES;
				GCC_WARN_UNUSED_VARIABLE = YES;
				IPHONEOS_DEPLOYMENT_TARGET = 15.5;
				MTL_ENABLE_DEBUG_INFO = INCLUDE_SOURCE;
				MTL_FAST_MATH = YES;
				ONLY_ACTIVE_ARCH = YES;
				SDKROOT = iphoneos;
				SWIFT_ACTIVE_COMPILATION_CONDITIONS = DEBUG;
				SWIFT_OPTIMIZATION_LEVEL = "-Onone";
			};
			name = Debug;
		};
		D6FC51B428565EAA005B24F9 /* Release */ = {
			isa = XCBuildConfiguration;
			buildSettings = {
				ALWAYS_SEARCH_USER_PATHS = NO;
				CLANG_ANALYZER_NONNULL = YES;
				CLANG_ANALYZER_NUMBER_OBJECT_CONVERSION = YES_AGGRESSIVE;
				CLANG_CXX_LANGUAGE_STANDARD = "gnu++17";
				CLANG_ENABLE_MODULES = YES;
				CLANG_ENABLE_OBJC_ARC = YES;
				CLANG_ENABLE_OBJC_WEAK = YES;
				CLANG_WARN_BLOCK_CAPTURE_AUTORELEASING = YES;
				CLANG_WARN_BOOL_CONVERSION = YES;
				CLANG_WARN_COMMA = YES;
				CLANG_WARN_CONSTANT_CONVERSION = YES;
				CLANG_WARN_DEPRECATED_OBJC_IMPLEMENTATIONS = YES;
				CLANG_WARN_DIRECT_OBJC_ISA_USAGE = YES_ERROR;
				CLANG_WARN_DOCUMENTATION_COMMENTS = YES;
				CLANG_WARN_EMPTY_BODY = YES;
				CLANG_WARN_ENUM_CONVERSION = YES;
				CLANG_WARN_INFINITE_RECURSION = YES;
				CLANG_WARN_INT_CONVERSION = YES;
				CLANG_WARN_NON_LITERAL_NULL_CONVERSION = YES;
				CLANG_WARN_OBJC_IMPLICIT_RETAIN_SELF = YES;
				CLANG_WARN_OBJC_LITERAL_CONVERSION = YES;
				CLANG_WARN_OBJC_ROOT_CLASS = YES_ERROR;
				CLANG_WARN_QUOTED_INCLUDE_IN_FRAMEWORK_HEADER = YES;
				CLANG_WARN_RANGE_LOOP_ANALYSIS = YES;
				CLANG_WARN_STRICT_PROTOTYPES = YES;
				CLANG_WARN_SUSPICIOUS_MOVE = YES;
				CLANG_WARN_UNGUARDED_AVAILABILITY = YES_AGGRESSIVE;
				CLANG_WARN_UNREACHABLE_CODE = YES;
				CLANG_WARN__DUPLICATE_METHOD_MATCH = YES;
				COPY_PHASE_STRIP = NO;
				DEBUG_INFORMATION_FORMAT = "dwarf-with-dsym";
				ENABLE_NS_ASSERTIONS = NO;
				ENABLE_STRICT_OBJC_MSGSEND = YES;
				GCC_C_LANGUAGE_STANDARD = gnu11;
				GCC_NO_COMMON_BLOCKS = YES;
				GCC_WARN_64_TO_32_BIT_CONVERSION = YES;
				GCC_WARN_ABOUT_RETURN_TYPE = YES_ERROR;
				GCC_WARN_UNDECLARED_SELECTOR = YES;
				GCC_WARN_UNINITIALIZED_AUTOS = YES_AGGRESSIVE;
				GCC_WARN_UNUSED_FUNCTION = YES;
				GCC_WARN_UNUSED_VARIABLE = YES;
				IPHONEOS_DEPLOYMENT_TARGET = 15.5;
				MTL_ENABLE_DEBUG_INFO = NO;
				MTL_FAST_MATH = YES;
				SDKROOT = iphoneos;
				SWIFT_COMPILATION_MODE = wholemodule;
				SWIFT_OPTIMIZATION_LEVEL = "-O";
				VALIDATE_PRODUCT = YES;
			};
			name = Release;
		};
		D6FC51B628565EAA005B24F9 /* Debug */ = {
			isa = XCBuildConfiguration;
			buildSettings = {
				ASSETCATALOG_COMPILER_APPICON_NAME = AppIcon;
				ASSETCATALOG_COMPILER_GLOBAL_ACCENT_COLOR_NAME = AccentColor;
				CODE_SIGN_STYLE = Automatic;
				CURRENT_PROJECT_VERSION = 1;
				DEVELOPMENT_TEAM = CGLFK7WJHJ;
				GENERATE_INFOPLIST_FILE = YES;
				INFOPLIST_FILE = AlbumCollection/Info.plist;
				INFOPLIST_KEY_UIApplicationSupportsIndirectInputEvents = YES;
				INFOPLIST_KEY_UILaunchStoryboardName = LaunchScreen;
				INFOPLIST_KEY_UIMainStoryboardFile = Main;
				INFOPLIST_KEY_UISupportedInterfaceOrientations_iPad = "UIInterfaceOrientationPortrait UIInterfaceOrientationPortraitUpsideDown UIInterfaceOrientationLandscapeLeft UIInterfaceOrientationLandscapeRight";
				INFOPLIST_KEY_UISupportedInterfaceOrientations_iPhone = "UIInterfaceOrientationPortrait UIInterfaceOrientationLandscapeLeft UIInterfaceOrientationLandscapeRight";
				LD_RUNPATH_SEARCH_PATHS = (
					"$(inherited)",
					"@executable_path/Frameworks",
				);
				MARKETING_VERSION = 1.0;
				PRODUCT_BUNDLE_IDENTIFIER = com.my.AlbumCollection;
				PRODUCT_NAME = "$(TARGET_NAME)";
				SWIFT_EMIT_LOC_STRINGS = YES;
				SWIFT_VERSION = 5.0;
				TARGETED_DEVICE_FAMILY = "1,2";
			};
			name = Debug;
		};
		D6FC51B728565EAA005B24F9 /* Release */ = {
			isa = XCBuildConfiguration;
			buildSettings = {
				ASSETCATALOG_COMPILER_APPICON_NAME = AppIcon;
				ASSETCATALOG_COMPILER_GLOBAL_ACCENT_COLOR_NAME = AccentColor;
				CODE_SIGN_STYLE = Automatic;
				CURRENT_PROJECT_VERSION = 1;
				DEVELOPMENT_TEAM = CGLFK7WJHJ;
				GENERATE_INFOPLIST_FILE = YES;
				INFOPLIST_FILE = AlbumCollection/Info.plist;
				INFOPLIST_KEY_UIApplicationSupportsIndirectInputEvents = YES;
				INFOPLIST_KEY_UILaunchStoryboardName = LaunchScreen;
				INFOPLIST_KEY_UIMainStoryboardFile = Main;
				INFOPLIST_KEY_UISupportedInterfaceOrientations_iPad = "UIInterfaceOrientationPortrait UIInterfaceOrientationPortraitUpsideDown UIInterfaceOrientationLandscapeLeft UIInterfaceOrientationLandscapeRight";
				INFOPLIST_KEY_UISupportedInterfaceOrientations_iPhone = "UIInterfaceOrientationPortrait UIInterfaceOrientationLandscapeLeft UIInterfaceOrientationLandscapeRight";
				LD_RUNPATH_SEARCH_PATHS = (
					"$(inherited)",
					"@executable_path/Frameworks",
				);
				MARKETING_VERSION = 1.0;
				PRODUCT_BUNDLE_IDENTIFIER = com.my.AlbumCollection;
				PRODUCT_NAME = "$(TARGET_NAME)";
				SWIFT_EMIT_LOC_STRINGS = YES;
				SWIFT_VERSION = 5.0;
				TARGETED_DEVICE_FAMILY = "1,2";
			};
			name = Release;
		};
/* End XCBuildConfiguration section */

/* Begin XCConfigurationList section */
		D6FC519C28565EAA005B24F9 /* Build configuration list for PBXProject "AlbumCollection" */ = {
			isa = XCConfigurationList;
			buildConfigurations = (
				D6FC51B328565EAA005B24F9 /* Debug */,
				D6FC51B428565EAA005B24F9 /* Release */,
			);
			defaultConfigurationIsVisible = 0;
			defaultConfigurationName = Release;
		};
		D6FC51B528565EAA005B24F9 /* Build configuration list for PBXNativeTarget "AlbumCollection" */ = {
			isa = XCConfigurationList;
			buildConfigurations = (
				D6FC51B628565EAA005B24F9 /* Debug */,
				D6FC51B728565EAA005B24F9 /* Release */,
			);
			defaultConfigurationIsVisible = 0;
			defaultConfigurationName = Release;
		};
/* End XCConfigurationList section */
	};
	rootObject = D6FC519928565EAA005B24F9 /* Project object */;
}
